
Microsoft Visual Studio Solution File, Format Version 12.00
# Visual Studio Version 17
VisualStudioVersion = 17.5.33627.172
MinimumVisualStudioVersion = 10.0.40219.1
Project("{FAE04EC0-301F-11D3-BF4B-00C04F79EFBC}") = "KafeKonsol", "KafeKonsol\KafeKonsol.csproj", "{B15BBCA2-7CA9-4E47-8340-5BCCBDD87E57}"
EndProject
Project("{FAE04EC0-301F-11D3-BF4B-00C04F79EFBC}") = "KafeKonsol.Data", "KafeKonsol.Data\KafeKonsol.Data.csproj", "{B55D90F2-423B-416E-B283-3B6CFF05AFC4}"
EndProject
Global
	GlobalSection(SolutionConfigurationPlatforms) = preSolution
		Debug|Any CPU = Debug|Any CPU
		Release|Any CPU = Release|Any CPU
	EndGlobalSection
	GlobalSection(ProjectConfigurationPlatforms) = postSolution
		{B15BBCA2-7CA9-4E47-8340-5BCCBDD87E57}.Debug|Any CPU.ActiveCfg = Debug|Any CPU
		{B15BBCA2-7CA9-4E47-8340-5BCCBDD87E57}.Debug|Any CPU.Build.0 = Debug|Any CPU
		{B15BBCA2-7CA9-4E47-8340-5BCCBDD87E57}.Release|Any CPU.ActiveCfg = Release|Any CPU
		{B15BBCA2-7CA9-4E47-8340-5BCCBDD87E57}.Release|Any CPU.Build.0 = Release|Any CPU
		{B55D90F2-423B-416E-B283-3B6CFF05AFC4}.Debug|Any CPU.ActiveCfg = Debug|Any CPU
		{B55D90F2-423B-416E-B283-3B6CFF05AFC4}.Debug|Any CPU.Build.0 = Debug|Any CPU
		{B55D90F2-423B-416E-B283-3B6CFF05AFC4}.Release|Any CPU.ActiveCfg = Release|Any CPU
		{B55D90F2-423B-416E-B283-3B6CFF05AFC4}.Release|Any CPU.Build.0 = Release|Any CPU
	EndGlobalSection
	GlobalSection(SolutionProperties) = preSolution
		HideSolutionNode = FALSE
	EndGlobalSection
	GlobalSection(ExtensibilityGlobals) = postSolution
		SolutionGuid = {CD5DEDAD-84D3-4011-A6BB-DC2525B84110}
	EndGlobalSection
EndGlobal
